<?xml version="1.0" encoding="utf-8"?>
<Project ToolsVersion="4.0" xmlns="http://schemas.microsoft.com/developer/msbuild/2003">
  <ItemGroup>
    <Filter Include="Source Files">
      <UniqueIdentifier>{d94cabdd-d59b-49e5-9e73-a521e40ac447}</UniqueIdentifier>
      <Extensions>cpp;c;cxx;rc;def;r;odl;idl;hpj;bat</Extensions>
    </Filter>
    <Filter Include="Header Files">
      <UniqueIdentifier>{259d86b9-43a3-42ef-b7c7-001e72155057}</UniqueIdentifier>
      <Extensions>h;hpp;hxx;hm;inl</Extensions>
    </Filter>
  </ItemGroup>
  <ItemGroup>
    <ClCompile Include="src\tlBin.cpp">
      <Filter>Source Files</Filter>
    </ClCompile>
    <ClCompile Include="src\tlBinTable.cpp">
      <Filter>Source Files</Filter>
    </ClCompile>
    <ClCompile Include="src\tlColumn.cpp">
      <Filter>Source Files</Filter>
    </ClCompile>
    <ClCompile Include="src\tlDataChooser.cpp">
      <Filter>Source Files</Filter>
    </ClCompile>
    <ClCompile Include="src\tlErrorManager.cpp">
      <Filter>Source Files</Filter>
    </ClCompile>
    <ClCompile Include="src\tlExpression.cpp">
      <Filter>Source Files</Filter>
    </ClCompile>
    <ClCompile Include="src\tlHashTable.cpp">
      <Filter>Source Files</Filter>
    </ClCompile>
    <ClCompile Include="src\tlMatrix.cpp">
      <Filter>Source Files</Filter>
    </ClCompile>
    <ClCompile Include="src\tlRef.cpp">
      <Filter>Source Files</Filter>
    </ClCompile>
    <ClCompile Include="src\tlRefManager.cpp">
      <Filter>Source Files</Filter>
    </ClCompile>
    <ClCompile Include="src\tlSParser.cpp">
      <Filter>Source Files</Filter>
    </ClCompile>
    <ClCompile Include="src\tlSrMatrix.cpp">
      <Filter>Source Files</Filter>
    </ClCompile>
    <ClCompile Include="src\tlSrString.cpp">
      <Filter>Source Files</Filter>
    </ClCompile>
    <ClCompile Include="src\tlSrValue.cpp">
      <Filter>Source Files</Filter>
    </ClCompile>
    <ClCompile Include="src\tlSTable.cpp">
      <Filter>Source Files</Filter>
    </ClCompile>
    <ClCompile Include="src\tlStringAllocationTool.cpp">
      <Filter>Source Files</Filter>
    </ClCompile>
    <ClCompile Include="src\tlTable.cpp">
      <Filter>Source Files</Filter>
    </ClCompile>
    <ClCompile Include="src\tlTrie.cpp">
      <Filter>Source Files</Filter>
    </ClCompile>
    <ClCompile Include="src\tlTuple.cpp">
      <Filter>Source Files</Filter>
    </ClCompile>
    <ClCompile Include="src\tlUnicodeConvert.cpp">
      <Filter>Source Files</Filter>
    </ClCompile>
    <ClCompile Include="src\tlVector.cpp">
      <Filter>Source Files</Filter>
    </ClCompile>
  </ItemGroup>
  <ItemGroup>
    <ClInclude Include="include\tlBin.h">
      <Filter>Header Files</Filter>
    </ClInclude>
    <ClInclude Include="include\tlBinTable.h">
      <Filter>Header Files</Filter>
    </ClInclude>
    <ClInclude Include="include\tlColumn.h">
      <Filter>Header Files</Filter>
    </ClInclude>
    <ClInclude Include="include\tlDataChooser.h">
      <Filter>Header Files</Filter>
    </ClInclude>
    <ClInclude Include="include\tlDocs.h">
      <Filter>Header Files</Filter>
    </ClInclude>
    <ClInclude Include="include\tlDoubleTable.h">
      <Filter>Header Files</Filter>
    </ClInclude>
    <ClInclude Include="include\tlErrorManager.h">
      <Filter>Header Files</Filter>
    </ClInclude>
    <ClInclude Include="include\tlExpression.h">
      <Filter>Header Files</Filter>
    </ClInclude>
    <ClInclude Include="include\tlGslMatrix.h">
      <Filter>Header Files</Filter>
    </ClInclude>
    <ClInclude Include="include\tlHashTable.h">
      <Filter>Header Files</Filter>
    </ClInclude>
    <ClInclude Include="include\tlMatrix.h">
      <Filter>Header Files</Filter>
    </ClInclude>
    <ClInclude Include="include\tlRef.h">
      <Filter>Header Files</Filter>
    </ClInclude>
    <ClInclude Include="include\tlRefManager.h">
      <Filter>Header Files</Filter>
    </ClInclude>
    <ClInclude Include="include\tlSParser.h">
      <Filter>Header Files</Filter>
    </ClInclude>
    <ClInclude Include="include\tlSrGslMatrix.h">
      <Filter>Header Files</Filter>
    </ClInclude>
    <ClInclude Include="include\tlSrMatrix.h">
      <Filter>Header Files</Filter>
    </ClInclude>
    <ClInclude Include="include\tlSrString.h">
      <Filter>Header Files</Filter>
    </ClInclude>
    <ClInclude Include="include\tlSrValue.h">
      <Filter>Header Files</Filter>
    </ClInclude>
    <ClInclude Include="include\tlSTable.h">
      <Filter>Header Files</Filter>
    </ClInclude>
    <ClInclude Include="include\tlString.h">
      <Filter>Header Files</Filter>
    </ClInclude>
    <ClInclude Include="include\tlStringAllocationTool.h">
      <Filter>Header Files</Filter>
    </ClInclude>
    <ClInclude Include="include\tlTable.h">
      <Filter>Header Files</Filter>
    </ClInclude>
    <ClInclude Include="include\tlTDoubleLinkedList.h">
      <Filter>Header Files</Filter>
    </ClInclude>
    <ClInclude Include="include\tlTRefList.h">
      <Filter>Header Files</Filter>
    </ClInclude>
    <ClInclude Include="include\tlTrie.h">
      <Filter>Header Files</Filter>
    </ClInclude>
    <ClInclude Include="include\tlTuple.h">
      <Filter>Header Files</Filter>
    </ClInclude>
    <ClInclude Include="include\tlTVector.h">
      <Filter>Header Files</Filter>
    </ClInclude>
    <ClInclude Include="include\tlUnicodeConvert.h">
      <Filter>Header Files</Filter>
    </ClInclude>
    <ClInclude Include="include\tlVector.h">
      <Filter>Header Files</Filter>
    </ClInclude>
  </ItemGroup>
</Project>
