<?xml version="1.0" encoding="utf-8"?>
<Project ToolsVersion="4.0" xmlns="http://schemas.microsoft.com/developer/msbuild/2003">
  <ItemGroup>
    <Filter Include="Source Files">
      <UniqueIdentifier>{b176af55-f448-494a-8012-2f7aef6902ae}</UniqueIdentifier>
      <Extensions>cpp;c;cxx;rc;def;r;odl;idl;hpj;bat</Extensions>
    </Filter>
    <Filter Include="Header Files">
      <UniqueIdentifier>{889732e6-b67f-4158-a305-ea77988f3969}</UniqueIdentifier>
      <Extensions>h;hpp;hxx;hm;inl</Extensions>
    </Filter>
  </ItemGroup>
  <ItemGroup>
    <ClCompile Include="src\buffertools.cpp">
      <Filter>Source Files</Filter>
    </ClCompile>
    <ClCompile Include="src\dco_utils.cpp">
      <Filter>Source Files</Filter>
    </ClCompile>
    <ClCompile Include="src\emg.cpp">
      <Filter>Source Files</Filter>
    </ClCompile>
    <ClCompile Include="src\emgdat.cpp">
      <Filter>Source Files</Filter>
    </ClCompile>
    <ClCompile Include="src\prm.cpp">
      <Filter>Source Files</Filter>
    </ClCompile>
  </ItemGroup>
</Project>