<?xml version="1.0" encoding="utf-8"?>
<Project ToolsVersion="4.0" xmlns="http://schemas.microsoft.com/developer/msbuild/2003">
  <ItemGroup>
    <Filter Include="Source Files">
      <UniqueIdentifier>{a9f3a497-c18f-4bc7-82cc-acc3afa5cb73}</UniqueIdentifier>
      <Extensions>cpp;c;cxx;rc;def;r;odl;idl;hpj;bat</Extensions>
    </Filter>
    <Filter Include="Header Files">
      <UniqueIdentifier>{916afa09-6e89-44a0-8456-b5bba73ea967}</UniqueIdentifier>
      <Extensions>h;hpp;hxx;hm;inl</Extensions>
    </Filter>
  </ItemGroup>
  <ItemGroup>
    <ClCompile Include="src\ASDBlocks.cpp">
      <Filter>Source Files</Filter>
    </ClCompile>
    <ClCompile Include="src\ASDio.cpp">
      <Filter>Source Files</Filter>
    </ClCompile>
    <ClCompile Include="src\DQEmgData.cpp">
      <Filter>Source Files</Filter>
    </ClCompile>
    <ClCompile Include="src\dqemgjulian.cpp">
      <Filter>Source Files</Filter>
    </ClCompile>
    <ClCompile Include="src\StudyIO.cpp">
      <Filter>Source Files</Filter>
    </ClCompile>
    <ClCompile Include="src\TextIO.cpp">
      <Filter>Source Files</Filter>
    </ClCompile>
  </ItemGroup>
  <ItemGroup>
    <ClInclude Include="include\ASDBlocks.h">
      <Filter>Header Files</Filter>
    </ClInclude>
    <ClInclude Include="include\ASDio.h">
      <Filter>Header Files</Filter>
    </ClInclude>
    <ClInclude Include="include\DQEmgData.h">
      <Filter>Header Files</Filter>
    </ClInclude>
    <ClInclude Include="include\dqemgjulian.h">
      <Filter>Header Files</Filter>
    </ClInclude>
    <ClInclude Include="include\persistenceIDs.h">
      <Filter>Header Files</Filter>
    </ClInclude>
    <ClInclude Include="include\StudyIO.h">
      <Filter>Header Files</Filter>
    </ClInclude>
    <ClInclude Include="include\TextIO.h">
      <Filter>Header Files</Filter>
    </ClInclude>
  </ItemGroup>
</Project>
