<?xml version="1.0" encoding="utf-8"?>
<Project ToolsVersion="4.0" xmlns="http://schemas.microsoft.com/developer/msbuild/2003">
  <ItemGroup>
    <Filter Include="Source Files">
      <UniqueIdentifier>{1299f587-4685-4dcd-adb6-7aa129928845}</UniqueIdentifier>
      <Extensions>cpp;c;cxx;rc;def;r;odl;idl;hpj;bat</Extensions>
    </Filter>
    <Filter Include="Header Files">
      <UniqueIdentifier>{e4f513a6-4ded-4cc0-ab04-e2db6b64d104}</UniqueIdentifier>
      <Extensions>h;hpp;hxx;hm;inl</Extensions>
    </Filter>
  </ItemGroup>
  <ItemGroup>
    <ClCompile Include="src\DQEmgData.cpp">
      <Filter>Source Files</Filter>
    </ClCompile>
    <ClCompile Include="src\dqemgjulian.cpp">
      <Filter>Source Files</Filter>
    </ClCompile>
  </ItemGroup>
  <ItemGroup>
    <ClInclude Include="include\DQEmgData.h">
      <Filter>Header Files</Filter>
    </ClInclude>
    <ClInclude Include="include\dqemgjulian.h">
      <Filter>Header Files</Filter>
    </ClInclude>
  </ItemGroup>
</Project>